
Microsoft Visual Studio Solution File, Format Version 12.00
# Visual Studio Version 17
VisualStudioVersion = 17.8.34511.84
MinimumVisualStudioVersion = 10.0.40219.1
Project("{FAE04EC0-301F-11D3-BF4B-00C04F79EFBC}") = "CollageMng", "CollageMng\CollageMng.csproj", "{219BB3E0-22C1-40DB-9F33-706E0199E722}"
EndProject
Global
	GlobalSection(SolutionConfigurationPlatforms) = preSolution
		Debug|Any CPU = Debug|Any CPU
		Release|Any CPU = Release|Any CPU
	EndGlobalSection
	GlobalSection(ProjectConfigurationPlatforms) = postSolution
		{219BB3E0-22C1-40DB-9F33-706E0199E722}.Debug|Any CPU.ActiveCfg = Debug|Any CPU
		{219BB3E0-22C1-40DB-9F33-706E0199E722}.Debug|Any CPU.Build.0 = Debug|Any CPU
		{219BB3E0-22C1-40DB-9F33-706E0199E722}.Release|Any CPU.ActiveCfg = Release|Any CPU
		{219BB3E0-22C1-40DB-9F33-706E0199E722}.Release|Any CPU.Build.0 = Release|Any CPU
	EndGlobalSection
	GlobalSection(SolutionProperties) = preSolution
		HideSolutionNode = FALSE
	EndGlobalSection
	GlobalSection(ExtensibilityGlobals) = postSolution
		SolutionGuid = {09021AC2-2E44-48C2-9967-7B5A046D55D2}
	EndGlobalSection
EndGlobal
